github.com/brianvoe/gofakeit/v6 v6.26.3 h1:3ljYrjPwsUNAUFdUIr2jVg5EhKdcke/ZLop7uVg1Er8=
github.com/brianvoe/gofakeit/v6 v6.26.3/go.mod h1:Xj58BMSnFqcn/fAQeSK+/PLtC5kSb7FJIq4JyGa8vEs=
github.com/mattn/go-sqlite3 v1.14.19 h1:fhGleo2h1p8tVChob4I9HpmVFIAkKGpiukdrgQbWfGI=
github.com/mattn/go-sqlite3 v1.14.19/go.mod h1:2eHXhiwb8IkHr+BDWZGa96P6+rkvnG63S2DGjv9HUNg=
